apiVersion: types.kubefed.k8s.io/v1beta1
kind: FederatedStorageClass
metadata:
  name: aws-block-claim
  namespace: fedns
spec:
  template:
    accessModes:
      - ReadWriteOnce
    volumeMode: Block
    resources:
      requests:
        storage: 100Gi
    storageClassName: aws-block
  placement:
    clusters:
    - name: cluster2
    - name: cluster1


