apiVersion: v1
kind: Pod
metadata:
  name: pod-ebs-block
spec:
  containers:
  - name: pod-ebs-block
    image: busybox
    command: ["sleep", "600000"]
    volumeDevices:
    - devicePath: /usr/share/busybox/mydevice
      name: ebsvol
  volumes:
    - name: ebsvol
      persistentVolumeClaim:
        claimName: ebs-claim-block

