apiVersion: v1
kind: Pod
metadata:
  name: gce-busybox-pvc-block
spec:
  containers:
  - name: gce-busybox-pvc-block
    image: busybox
    command: ["sleep", "600000"]
    volumeDevices:
    - devicePath: /usr/share/busybox/mydevice
      name: gcevol
  volumes:
    - name: gcevol
      persistentVolumeClaim:
        claimName: gce-claim-block
